
Microsoft Visual Studio Solution File, Format Version 12.00
# Visual Studio Version 17
VisualStudioVersion = 17.10.34916.146
MinimumVisualStudioVersion = 10.0.40219.1
Project("{9A19103F-16F7-4668-BE54-9A1E7A4F7556}") = "BlazingPizza.Server", "BlazingPizza.Server\BlazingPizza.Server.csproj", "{E4E5F191-155B-469C-8F92-8967E36B4D77}"
EndProject
Project("{FAE04EC0-301F-11D3-BF4B-00C04F79EFBC}") = "BlazingPizza.Shared", "BlazingPizza.Shared\BlazingPizza.Shared.csproj", "{E659BFE9-3309-4A35-BC1B-0632A9E823AD}"
EndProject
Global
	GlobalSection(SolutionConfigurationPlatforms) = preSolution
		Debug|Any CPU = Debug|Any CPU
		Release|Any CPU = Release|Any CPU
	EndGlobalSection
	GlobalSection(ProjectConfigurationPlatforms) = postSolution
		{E4E5F191-155B-469C-8F92-8967E36B4D77}.Debug|Any CPU.ActiveCfg = Debug|Any CPU
		{E4E5F191-155B-469C-8F92-8967E36B4D77}.Debug|Any CPU.Build.0 = Debug|Any CPU
		{E4E5F191-155B-469C-8F92-8967E36B4D77}.Release|Any CPU.ActiveCfg = Release|Any CPU
		{E4E5F191-155B-469C-8F92-8967E36B4D77}.Release|Any CPU.Build.0 = Release|Any CPU
		{E659BFE9-3309-4A35-BC1B-0632A9E823AD}.Debug|Any CPU.ActiveCfg = Debug|Any CPU
		{E659BFE9-3309-4A35-BC1B-0632A9E823AD}.Debug|Any CPU.Build.0 = Debug|Any CPU
		{E659BFE9-3309-4A35-BC1B-0632A9E823AD}.Release|Any CPU.ActiveCfg = Release|Any CPU
		{E659BFE9-3309-4A35-BC1B-0632A9E823AD}.Release|Any CPU.Build.0 = Release|Any CPU
	EndGlobalSection
	GlobalSection(SolutionProperties) = preSolution
		HideSolutionNode = FALSE
	EndGlobalSection
	GlobalSection(ExtensibilityGlobals) = postSolution
		SolutionGuid = {AD392777-9CA8-4D88-8B50-91EFC631A0C0}
	EndGlobalSection
EndGlobal
